
Microsoft Visual Studio Solution File, Format Version 12.00
# Visual Studio Version 17
VisualStudioVersion = 17.0.31903.59
MinimumVisualStudioVersion = 10.0.40219.1
Project("{2150E333-8FDC-42A3-9474-1A3956D46DE8}") = "src", "src", "{0BC91E43-EDE6-4447-A30C-1A971045159E}"
EndProject
Project("{FAE04EC0-301F-11D3-BF4B-00C04F79EFBC}") = "Shipping.Core", "src\Shipping.Core\Shipping.Core.csproj", "{A9E1B8A5-9D00-4AEE-8CF7-0F3997AD36C4}"
EndProject
Project("{FAE04EC0-301F-11D3-BF4B-00C04F79EFBC}") = "Shipping.Contracts", "src\Shipping.Contracts\Shipping.Contracts.csproj", "{B742CD1B-40E6-494C-9474-3AF475BADBB3}"
EndProject
Project("{FAE04EC0-301F-11D3-BF4B-00C04F79EFBC}") = "Shipping.Persistence.Postgres", "src\Shipping.Persistence.Postgres\Shipping.Persistence.Postgres.csproj", "{E3841AF6-A36B-4A71-A74F-075D15285FF1}"
EndProject
Project("{FAE04EC0-301F-11D3-BF4B-00C04F79EFBC}") = "Shipping.Api", "src\Shipping.Api\Shipping.Api.csproj", "{BD050178-975B-4D21-9A6C-9ED1D1D9E805}"
EndProject
Project("{2150E333-8FDC-42A3-9474-1A3956D46DE8}") = "tests", "tests", "{965254EF-1D8F-45F4-AD52-1FC3CE9102BF}"
EndProject
Project("{FAE04EC0-301F-11D3-BF4B-00C04F79EFBC}") = "Shipping.Core.Tests", "tests\Shipping.Core.Tests\Shipping.Core.Tests.csproj", "{2C704F9E-38AC-4D39-BBE8-52740AD3D275}"
EndProject
Project("{FAE04EC0-301F-11D3-BF4B-00C04F79EFBC}") = "Shipping.Api.Tests", "tests\Shipping.Api.Tests\Shipping.Api.Tests.csproj", "{36B6F65B-C4CF-4F0B-BA80-ACEBF68406EB}"
EndProject
Project("{FAE04EC0-301F-11D3-BF4B-00C04F79EFBC}") = "Shipping.ConsoleClient", "src\Shipping.ConsoleClient\Shipping.ConsoleClient.csproj", "{171FB43C-C2E4-4D18-8CC2-0153F1904114}"
EndProject
Project("{FAE04EC0-301F-11D3-BF4B-00C04F79EFBC}") = "Shipping.ConsoleClient.Tests", "tests\Shipping.ConsoleClient.Tests\Shipping.ConsoleClient.Tests.csproj", "{6D59C600-3297-4528-A269-4F284A2F8C14}"
EndProject
Global
	GlobalSection(SolutionConfigurationPlatforms) = preSolution
		Debug|Any CPU = Debug|Any CPU
		Release|Any CPU = Release|Any CPU
	EndGlobalSection
	GlobalSection(SolutionProperties) = preSolution
		HideSolutionNode = FALSE
	EndGlobalSection
	GlobalSection(ProjectConfigurationPlatforms) = postSolution
		{A9E1B8A5-9D00-4AEE-8CF7-0F3997AD36C4}.Debug|Any CPU.ActiveCfg = Debug|Any CPU
		{A9E1B8A5-9D00-4AEE-8CF7-0F3997AD36C4}.Debug|Any CPU.Build.0 = Debug|Any CPU
		{A9E1B8A5-9D00-4AEE-8CF7-0F3997AD36C4}.Release|Any CPU.ActiveCfg = Release|Any CPU
		{A9E1B8A5-9D00-4AEE-8CF7-0F3997AD36C4}.Release|Any CPU.Build.0 = Release|Any CPU
		{B742CD1B-40E6-494C-9474-3AF475BADBB3}.Debug|Any CPU.ActiveCfg = Debug|Any CPU
		{B742CD1B-40E6-494C-9474-3AF475BADBB3}.Debug|Any CPU.Build.0 = Debug|Any CPU
		{B742CD1B-40E6-494C-9474-3AF475BADBB3}.Release|Any CPU.ActiveCfg = Release|Any CPU
		{B742CD1B-40E6-494C-9474-3AF475BADBB3}.Release|Any CPU.Build.0 = Release|Any CPU
		{E3841AF6-A36B-4A71-A74F-075D15285FF1}.Debug|Any CPU.ActiveCfg = Debug|Any CPU
		{E3841AF6-A36B-4A71-A74F-075D15285FF1}.Debug|Any CPU.Build.0 = Debug|Any CPU
		{E3841AF6-A36B-4A71-A74F-075D15285FF1}.Release|Any CPU.ActiveCfg = Release|Any CPU
		{E3841AF6-A36B-4A71-A74F-075D15285FF1}.Release|Any CPU.Build.0 = Release|Any CPU
		{BD050178-975B-4D21-9A6C-9ED1D1D9E805}.Debug|Any CPU.ActiveCfg = Debug|Any CPU
		{BD050178-975B-4D21-9A6C-9ED1D1D9E805}.Debug|Any CPU.Build.0 = Debug|Any CPU
		{BD050178-975B-4D21-9A6C-9ED1D1D9E805}.Release|Any CPU.ActiveCfg = Release|Any CPU
		{BD050178-975B-4D21-9A6C-9ED1D1D9E805}.Release|Any CPU.Build.0 = Release|Any CPU
		{2C704F9E-38AC-4D39-BBE8-52740AD3D275}.Debug|Any CPU.ActiveCfg = Debug|Any CPU
		{2C704F9E-38AC-4D39-BBE8-52740AD3D275}.Debug|Any CPU.Build.0 = Debug|Any CPU
		{2C704F9E-38AC-4D39-BBE8-52740AD3D275}.Release|Any CPU.ActiveCfg = Release|Any CPU
		{2C704F9E-38AC-4D39-BBE8-52740AD3D275}.Release|Any CPU.Build.0 = Release|Any CPU
		{36B6F65B-C4CF-4F0B-BA80-ACEBF68406EB}.Debug|Any CPU.ActiveCfg = Debug|Any CPU
		{36B6F65B-C4CF-4F0B-BA80-ACEBF68406EB}.Debug|Any CPU.Build.0 = Debug|Any CPU
		{36B6F65B-C4CF-4F0B-BA80-ACEBF68406EB}.Release|Any CPU.ActiveCfg = Release|Any CPU
		{36B6F65B-C4CF-4F0B-BA80-ACEBF68406EB}.Release|Any CPU.Build.0 = Release|Any CPU
		{171FB43C-C2E4-4D18-8CC2-0153F1904114}.Debug|Any CPU.ActiveCfg = Debug|Any CPU
		{171FB43C-C2E4-4D18-8CC2-0153F1904114}.Debug|Any CPU.Build.0 = Debug|Any CPU
		{171FB43C-C2E4-4D18-8CC2-0153F1904114}.Release|Any CPU.ActiveCfg = Release|Any CPU
		{171FB43C-C2E4-4D18-8CC2-0153F1904114}.Release|Any CPU.Build.0 = Release|Any CPU
		{6D59C600-3297-4528-A269-4F284A2F8C14}.Debug|Any CPU.ActiveCfg = Debug|Any CPU
		{6D59C600-3297-4528-A269-4F284A2F8C14}.Debug|Any CPU.Build.0 = Debug|Any CPU
		{6D59C600-3297-4528-A269-4F284A2F8C14}.Release|Any CPU.ActiveCfg = Release|Any CPU
		{6D59C600-3297-4528-A269-4F284A2F8C14}.Release|Any CPU.Build.0 = Release|Any CPU
	EndGlobalSection
	GlobalSection(NestedProjects) = preSolution
		{A9E1B8A5-9D00-4AEE-8CF7-0F3997AD36C4} = {0BC91E43-EDE6-4447-A30C-1A971045159E}
		{B742CD1B-40E6-494C-9474-3AF475BADBB3} = {0BC91E43-EDE6-4447-A30C-1A971045159E}
		{E3841AF6-A36B-4A71-A74F-075D15285FF1} = {0BC91E43-EDE6-4447-A30C-1A971045159E}
		{BD050178-975B-4D21-9A6C-9ED1D1D9E805} = {0BC91E43-EDE6-4447-A30C-1A971045159E}
		{2C704F9E-38AC-4D39-BBE8-52740AD3D275} = {965254EF-1D8F-45F4-AD52-1FC3CE9102BF}
		{36B6F65B-C4CF-4F0B-BA80-ACEBF68406EB} = {965254EF-1D8F-45F4-AD52-1FC3CE9102BF}
		{171FB43C-C2E4-4D18-8CC2-0153F1904114} = {0BC91E43-EDE6-4447-A30C-1A971045159E}
		{6D59C600-3297-4528-A269-4F284A2F8C14} = {965254EF-1D8F-45F4-AD52-1FC3CE9102BF}
	EndGlobalSection
EndGlobal
